
Microsoft Visual Studio Solution File, Format Version 12.00
# Visual Studio Version 16
VisualStudioVersion = 16.0.31402.337
MinimumVisualStudioVersion = 10.0.40219.1
Project("{FAE04EC0-301F-11D3-BF4B-00C04F79EFBC}") = "Calculator", "Calculator\Calculator.csproj", "{DE3CD80C-8CE3-4FF8-9E85-F6951A325A8C}"
EndProject
Global
	GlobalSection(SolutionConfigurationPlatforms) = preSolution
		Debug|Any CPU = Debug|Any CPU
		Release|Any CPU = Release|Any CPU
	EndGlobalSection
	GlobalSection(ProjectConfigurationPlatforms) = postSolution
		{DE3CD80C-8CE3-4FF8-9E85-F6951A325A8C}.Debug|Any CPU.ActiveCfg = Debug|Any CPU
		{DE3CD80C-8CE3-4FF8-9E85-F6951A325A8C}.Debug|Any CPU.Build.0 = Debug|Any CPU
		{DE3CD80C-8CE3-4FF8-9E85-F6951A325A8C}.Release|Any CPU.ActiveCfg = Release|Any CPU
		{DE3CD80C-8CE3-4FF8-9E85-F6951A325A8C}.Release|Any CPU.Build.0 = Release|Any CPU
	EndGlobalSection
	GlobalSection(SolutionProperties) = preSolution
		HideSolutionNode = FALSE
	EndGlobalSection
	GlobalSection(ExtensibilityGlobals) = postSolution
		SolutionGuid = {EF0911E1-C56D-4665-8201-CB02A774A1AF}
	EndGlobalSection
EndGlobal
